
Microsoft Visual Studio Solution File, Format Version 12.00
# Visual Studio Version 16
VisualStudioVersion = 16.0.30114.105
MinimumVisualStudioVersion = 10.0.40219.1
Project("{FAE04EC0-301F-11D3-BF4B-00C04F79EFBC}") = "Subscriber", "Publisher\Subscriber.csproj", "{63ACAA64-5C8D-467C-996A-A8DBE45BB5E1}"
EndProject
Project("{FAE04EC0-301F-11D3-BF4B-00C04F79EFBC}") = "Publisher", "Subscriber\Publisher.csproj", "{4D39F2C7-CD6E-43BD-A66D-DD1ADB505CF2}"
EndProject
Global
	GlobalSection(SolutionConfigurationPlatforms) = preSolution
		Debug|Any CPU = Debug|Any CPU
		Release|Any CPU = Release|Any CPU
	EndGlobalSection
	GlobalSection(ProjectConfigurationPlatforms) = postSolution
		{63ACAA64-5C8D-467C-996A-A8DBE45BB5E1}.Debug|Any CPU.ActiveCfg = Debug|Any CPU
		{63ACAA64-5C8D-467C-996A-A8DBE45BB5E1}.Debug|Any CPU.Build.0 = Debug|Any CPU
		{63ACAA64-5C8D-467C-996A-A8DBE45BB5E1}.Release|Any CPU.ActiveCfg = Release|Any CPU
		{63ACAA64-5C8D-467C-996A-A8DBE45BB5E1}.Release|Any CPU.Build.0 = Release|Any CPU
		{4D39F2C7-CD6E-43BD-A66D-DD1ADB505CF2}.Debug|Any CPU.ActiveCfg = Debug|Any CPU
		{4D39F2C7-CD6E-43BD-A66D-DD1ADB505CF2}.Debug|Any CPU.Build.0 = Debug|Any CPU
		{4D39F2C7-CD6E-43BD-A66D-DD1ADB505CF2}.Release|Any CPU.ActiveCfg = Release|Any CPU
		{4D39F2C7-CD6E-43BD-A66D-DD1ADB505CF2}.Release|Any CPU.Build.0 = Release|Any CPU
	EndGlobalSection
	GlobalSection(SolutionProperties) = preSolution
		HideSolutionNode = FALSE
	EndGlobalSection
	GlobalSection(ExtensibilityGlobals) = postSolution
		SolutionGuid = {B6E25C37-1A04-4C1F-9398-0597968B78DF}
	EndGlobalSection
EndGlobal
